
Microsoft Visual Studio Solution File, Format Version 12.00
# Visual Studio 2012
Project("{FAE04EC0-301F-11D3-BF4B-00C04F79EFBC}") = "WAYWOrithm", "WAYWOrithm\WAYWOrithm.csproj", "{59305791-B554-43C9-A341-FCFFEFEB9230}"
EndProject
Project("{FAE04EC0-301F-11D3-BF4B-00C04F79EFBC}") = "OPGenerator", "OPGenerator\OPGenerator.csproj", "{31C17C99-CFDF-47DA-ABF4-6F1308137399}"
EndProject
Global
	GlobalSection(SolutionConfigurationPlatforms) = preSolution
		Debug|Any CPU = Debug|Any CPU
		Release|Any CPU = Release|Any CPU
	EndGlobalSection
	GlobalSection(ProjectConfigurationPlatforms) = postSolution
		{59305791-B554-43C9-A341-FCFFEFEB9230}.Debug|Any CPU.ActiveCfg = Debug|Any CPU
		{59305791-B554-43C9-A341-FCFFEFEB9230}.Debug|Any CPU.Build.0 = Debug|Any CPU
		{59305791-B554-43C9-A341-FCFFEFEB9230}.Release|Any CPU.ActiveCfg = Release|Any CPU
		{59305791-B554-43C9-A341-FCFFEFEB9230}.Release|Any CPU.Build.0 = Release|Any CPU
		{31C17C99-CFDF-47DA-ABF4-6F1308137399}.Debug|Any CPU.ActiveCfg = Debug|Any CPU
		{31C17C99-CFDF-47DA-ABF4-6F1308137399}.Debug|Any CPU.Build.0 = Debug|Any CPU
		{31C17C99-CFDF-47DA-ABF4-6F1308137399}.Release|Any CPU.ActiveCfg = Release|Any CPU
		{31C17C99-CFDF-47DA-ABF4-6F1308137399}.Release|Any CPU.Build.0 = Release|Any CPU
	EndGlobalSection
	GlobalSection(SolutionProperties) = preSolution
		HideSolutionNode = FALSE
	EndGlobalSection
EndGlobal
